
Microsoft Visual Studio Solution File, Format Version 12.00
# Visual Studio Version 17
VisualStudioVersion = 17.7.34221.43
MinimumVisualStudioVersion = 10.0.40219.1
Project("{9A19103F-16F7-4668-BE54-9A1E7A4F7556}") = "RNRAssessment", "RNRAssessment\RNRAssessment.csproj", "{3F7FC978-0DA0-465E-8D33-00152011AAE2}"
EndProject
Project("{9A19103F-16F7-4668-BE54-9A1E7A4F7556}") = "RNRAssessment.BusinessLogic", "RNRAssessment.BusinessLogic\RNRAssessment.BusinessLogic.csproj", "{61ADD861-E2BA-4921-A29D-92CEFE23F588}"
EndProject
Project("{9A19103F-16F7-4668-BE54-9A1E7A4F7556}") = "RNRAssessment.DAL", "RNRAssessment.DAL\RNRAssessment.DAL.csproj", "{5BEAD94E-82E1-466D-9465-052E64381B68}"
EndProject
Project("{FAE04EC0-301F-11D3-BF4B-00C04F79EFBC}") = "RNRAssessment.UI", "RNRAssessment.UI\RNRAssessment.UI.csproj", "{C132E465-CD22-4E15-8FA0-D9173E51CAB8}"
EndProject
Global
	GlobalSection(SolutionConfigurationPlatforms) = preSolution
		Debug|Any CPU = Debug|Any CPU
		Release|Any CPU = Release|Any CPU
	EndGlobalSection
	GlobalSection(ProjectConfigurationPlatforms) = postSolution
		{3F7FC978-0DA0-465E-8D33-00152011AAE2}.Debug|Any CPU.ActiveCfg = Debug|Any CPU
		{3F7FC978-0DA0-465E-8D33-00152011AAE2}.Debug|Any CPU.Build.0 = Debug|Any CPU
		{3F7FC978-0DA0-465E-8D33-00152011AAE2}.Release|Any CPU.ActiveCfg = Release|Any CPU
		{3F7FC978-0DA0-465E-8D33-00152011AAE2}.Release|Any CPU.Build.0 = Release|Any CPU
		{61ADD861-E2BA-4921-A29D-92CEFE23F588}.Debug|Any CPU.ActiveCfg = Debug|Any CPU
		{61ADD861-E2BA-4921-A29D-92CEFE23F588}.Debug|Any CPU.Build.0 = Debug|Any CPU
		{61ADD861-E2BA-4921-A29D-92CEFE23F588}.Release|Any CPU.ActiveCfg = Release|Any CPU
		{61ADD861-E2BA-4921-A29D-92CEFE23F588}.Release|Any CPU.Build.0 = Release|Any CPU
		{5BEAD94E-82E1-466D-9465-052E64381B68}.Debug|Any CPU.ActiveCfg = Debug|Any CPU
		{5BEAD94E-82E1-466D-9465-052E64381B68}.Debug|Any CPU.Build.0 = Debug|Any CPU
		{5BEAD94E-82E1-466D-9465-052E64381B68}.Release|Any CPU.ActiveCfg = Release|Any CPU
		{5BEAD94E-82E1-466D-9465-052E64381B68}.Release|Any CPU.Build.0 = Release|Any CPU
		{C132E465-CD22-4E15-8FA0-D9173E51CAB8}.Debug|Any CPU.ActiveCfg = Debug|Any CPU
		{C132E465-CD22-4E15-8FA0-D9173E51CAB8}.Debug|Any CPU.Build.0 = Debug|Any CPU
		{C132E465-CD22-4E15-8FA0-D9173E51CAB8}.Release|Any CPU.ActiveCfg = Release|Any CPU
		{C132E465-CD22-4E15-8FA0-D9173E51CAB8}.Release|Any CPU.Build.0 = Release|Any CPU
	EndGlobalSection
	GlobalSection(SolutionProperties) = preSolution
		HideSolutionNode = FALSE
	EndGlobalSection
	GlobalSection(ExtensibilityGlobals) = postSolution
		SolutionGuid = {4152EEDA-203E-45E6-B1DB-5B66F5212032}
	EndGlobalSection
EndGlobal
